# @generated - this file is auto-generated by `mise lock` https://mise.en.dev/dev-tools/mise-lock.html

[[tools.docker-cli]]
version = "29.6.1"
backend = "aqua:docker/cli"

[tools.docker-cli."platforms.linux-arm64"]
url = "https://download.docker.com/linux/static/stable/aarch64/docker-29.6.1.tgz"

[tools.docker-cli."platforms.linux-arm64-musl"]
url = "https://download.docker.com/linux/static/stable/aarch64/docker-29.6.1.tgz"

[tools.docker-cli."platforms.linux-x64"]
url = "https://download.docker.com/linux/static/stable/x86_64/docker-29.6.1.tgz"

[tools.docker-cli."platforms.linux-x64-musl"]
url = "https://download.docker.com/linux/static/stable/x86_64/docker-29.6.1.tgz"

[tools.docker-cli."platforms.macos-arm64"]
url = "https://download.docker.com/mac/static/stable/aarch64/docker-29.6.1.tgz"

[tools.docker-cli."platforms.macos-x64"]
url = "https://download.docker.com/mac/static/stable/x86_64/docker-29.6.1.tgz"

[tools.docker-cli."platforms.windows-x64"]
url = "https://download.docker.com/win/static/stable/x86_64/docker-29.6.1.zip"

[[tools.docker-compose]]
version = "5.3.1"
backend = "aqua:docker/compose"

[tools.docker-compose."platforms.linux-arm64"]
checksum = "sha256:aa611e811d0ea25897839c404bfb5bf93ce706dc51c500a4457890f5d0606a86"
url = "https://github.com/docker/compose/releases/download/v5.3.1/docker-compose-linux-aarch64"

[tools.docker-compose."platforms.linux-arm64-musl"]
checksum = "sha256:aa611e811d0ea25897839c404bfb5bf93ce706dc51c500a4457890f5d0606a86"
url = "https://github.com/docker/compose/releases/download/v5.3.1/docker-compose-linux-aarch64"

[tools.docker-compose."platforms.linux-x64"]
checksum = "sha256:f9ebc6ebdb19d769b793c245a736caaeb198c62587f13b25c660c13b4987f959"
url = "https://github.com/docker/compose/releases/download/v5.3.1/docker-compose-linux-x86_64"

[tools.docker-compose."platforms.linux-x64-musl"]
checksum = "sha256:f9ebc6ebdb19d769b793c245a736caaeb198c62587f13b25c660c13b4987f959"
url = "https://github.com/docker/compose/releases/download/v5.3.1/docker-compose-linux-x86_64"

[tools.docker-compose."platforms.macos-arm64"]
checksum = "sha256:32691ba1196d819fa68cbdc0aad9a5569e730a35ae40c6fdd8458110ecd69488"
url = "https://github.com/docker/compose/releases/download/v5.3.1/docker-compose-darwin-aarch64"

[tools.docker-compose."platforms.macos-x64"]
checksum = "sha256:56620a2e87e789147b9b1cc5d37eeecec2332e2cdf5c2d58a68f999f2dc416ca"
url = "https://github.com/docker/compose/releases/download/v5.3.1/docker-compose-darwin-x86_64"

[tools.docker-compose."platforms.windows-x64"]
checksum = "sha256:6d36cc701393c066d67ebc77773b718d8c738bc4ccb350fbf1dc0e6a09f44cb9"
url = "https://github.com/docker/compose/releases/download/v5.3.1/docker-compose-windows-x86_64.exe"

[[tools.node]]
version = "22.20.0"
backend = "core:node"

[tools.node."platforms.linux-arm64"]
checksum = "sha256:4181609e03dcb9880e7e5bf956061ecc0503c77a480c6631d868cb1f65a2c7dd"
url = "https://nodejs.org/dist/v22.20.0/node-v22.20.0-linux-arm64.tar.gz"

[tools.node."platforms.linux-arm64-musl"]
checksum = "sha256:79a087c1e23fc97d173ad6676df5b1a4e1a02daf1acca05ee25662747c5d492c"
url = "https://nodejs.org/dist/v22.20.0/node-v22.20.0.tar.gz"
install = "source"

[tools.node."platforms.linux-x64"]
checksum = "sha256:eeaccb0378b79406f2208e8b37a62479c70595e20be6b659125eb77dd1ab2a29"
url = "https://nodejs.org/dist/v22.20.0/node-v22.20.0-linux-x64.tar.gz"

[tools.node."platforms.linux-x64-musl"]
checksum = "sha256:461aafed5eb607357479c6de5df978515d74daf7e0169e972e61c8390c035f1a"
url = "https://unofficial-builds.nodejs.org/download/release/v22.20.0/node-v22.20.0-linux-x64-musl.tar.gz"

[tools.node."platforms.macos-arm64"]
checksum = "sha256:cc04a76a09f79290194c0646f48fec40354d88969bec467789a5d55dd097f949"
url = "https://nodejs.org/dist/v22.20.0/node-v22.20.0-darwin-arm64.tar.gz"

[tools.node."platforms.macos-x64"]
checksum = "sha256:00df9c5df3e4ec6848c26b70fb47bf96492f342f4bed6b17f12d99b3a45eeecc"
url = "https://nodejs.org/dist/v22.20.0/node-v22.20.0-darwin-x64.tar.gz"

[tools.node."platforms.windows-x64"]
checksum = "sha256:bb819d6eb8f5bfda294bbc83a7e4ec6539da67c4233d54b0d655b9248b15e29d"
url = "https://nodejs.org/dist/v22.20.0/node-v22.20.0-win-x64.zip"

[[tools.pnpm]]
version = "9.4.0"
backend = "aqua:pnpm/pnpm"

[tools.pnpm."platforms.linux-arm64"]
url = "https://github.com/pnpm/pnpm/releases/download/v9.4.0/pnpm-linux-arm64"

[tools.pnpm."platforms.linux-arm64-musl"]
url = "https://github.com/pnpm/pnpm/releases/download/v9.4.0/pnpm-linux-arm64"

[tools.pnpm."platforms.linux-x64"]
url = "https://github.com/pnpm/pnpm/releases/download/v9.4.0/pnpm-linux-x64"

[tools.pnpm."platforms.linux-x64-musl"]
url = "https://github.com/pnpm/pnpm/releases/download/v9.4.0/pnpm-linux-x64"

[tools.pnpm."platforms.macos-arm64"]
url = "https://github.com/pnpm/pnpm/releases/download/v9.4.0/pnpm-macos-arm64"

[tools.pnpm."platforms.macos-x64"]
url = "https://github.com/pnpm/pnpm/releases/download/v9.4.0/pnpm-macos-x64"

[tools.pnpm."platforms.windows-x64"]
url = "https://github.com/pnpm/pnpm/releases/download/v9.4.0/pnpm-win-x64.exe"

[[tools.prek]]
version = "0.3.8"
backend = "aqua:j178/prek"

[tools.prek."platforms.linux-arm64"]
checksum = "sha256:b88d96aef4ea84999d12958c390611d3a26194ee57225fe2ff15a9855e3a71bf"
url = "https://github.com/j178/prek/releases/download/v0.3.8/prek-aarch64-unknown-linux-musl.tar.gz"
provenance = "github-attestations"

[tools.prek."platforms.linux-arm64-musl"]
checksum = "sha256:b88d96aef4ea84999d12958c390611d3a26194ee57225fe2ff15a9855e3a71bf"
url = "https://github.com/j178/prek/releases/download/v0.3.8/prek-aarch64-unknown-linux-musl.tar.gz"
provenance = "github-attestations"

[tools.prek."platforms.linux-x64"]
checksum = "sha256:732cfb03960e6dfd5df2cb67906797aa8831750ef3a6f6340ec2b90ee8b7a59f"
url = "https://github.com/j178/prek/releases/download/v0.3.8/prek-x86_64-unknown-linux-musl.tar.gz"
provenance = "github-attestations"

[tools.prek."platforms.linux-x64-musl"]
checksum = "sha256:732cfb03960e6dfd5df2cb67906797aa8831750ef3a6f6340ec2b90ee8b7a59f"
url = "https://github.com/j178/prek/releases/download/v0.3.8/prek-x86_64-unknown-linux-musl.tar.gz"
provenance = "github-attestations"

[tools.prek."platforms.macos-arm64"]
checksum = "sha256:702fde4399fafb054ce85d0a64367689e3668b6475d732c4a46aae50cec0a4be"
url = "https://github.com/j178/prek/releases/download/v0.3.8/prek-aarch64-apple-darwin.tar.gz"
provenance = "github-attestations"

[tools.prek."platforms.macos-x64"]
checksum = "sha256:010198daf4e99a76d03a911973320542ffd7a04091cf7e86c60ac861187577f6"
url = "https://github.com/j178/prek/releases/download/v0.3.8/prek-x86_64-apple-darwin.tar.gz"
provenance = "github-attestations"

[tools.prek."platforms.windows-x64"]
checksum = "sha256:1da2735c31548dacd2751f90c15b5f643aa72f3053f366636f95153ee2c7186e"
url = "https://github.com/j178/prek/releases/download/v0.3.8/prek-x86_64-pc-windows-msvc.zip"
provenance = "github-attestations"

[[tools.rust]]
version = "stable"
backend = "core:rust"
